// !$*UTF8*$!
{
	archiveVersion = 1;
	classes = {
	};
	objectVersion = 50;
	objects = {

/* Begin PBXBuildFile section */
		1034577E262B34320041B4F3 /* AppDelegate.swift in Sources */ = {isa = PBXBuildFile; fileRef = 1034577D262B34320041B4F3 /* AppDelegate.swift */; };
		10345780262B34320041B4F3 /* SceneDelegate.swift in Sources */ = {isa = PBXBuildFile; fileRef = 1034577F262B34320041B4F3 /* SceneDelegate.swift */; };
		10345782262B34320041B4F3 /* ViewController.swift in Sources */ = {isa = PBXBuildFile; fileRef = 10345781262B34320041B4F3 /* ViewController.swift */; };
		10345785262B34320041B4F3 /* Main.storyboard in Resources */ = {isa = PBXBuildFile; fileRef = 10345783262B34320041B4F3 /* Main.storyboard */; };
		10345787262B34440041B4F3 /* Assets.xcassets in Resources */ = {isa = PBXBuildFile; fileRef = 10345786262B34440041B4F3 /* Assets.xcassets */; };
		1034578A262B34440041B4F3 /* LaunchScreen.storyboard in Resources */ = {isa = PBXBuildFile; fileRef = 10345788262B34440041B4F3 /* LaunchScreen.storyboard */; };
		10345793262C77DC0041B4F3 /* TipViewController.swift in Sources */ = {isa = PBXBuildFile; fileRef = 10345792262C77DC0041B4F3 /* TipViewController.swift */; };
		1034579E263018720041B4F3 /* CalcBMIUITests.swift in Sources */ = {isa = PBXBuildFile; fileRef = 1034579D263018720041B4F3 /* CalcBMIUITests.swift */; };
		103457AE2630187C0041B4F3 /* CalcBMITests.swift in Sources */ = {isa = PBXBuildFile; fileRef = 103457AD2630187C0041B4F3 /* CalcBMITests.swift */; };
/* End PBXBuildFile section */

/* Begin PBXContainerItemProxy section */
		103457A0263018730041B4F3 /* PBXContainerItemProxy */ = {
			isa = PBXContainerItemProxy;
			containerPortal = 10345772262B34320041B4F3 /* Project object */;
			proxyType = 1;
			remoteGlobalIDString = 10345779262B34320041B4F3;
			remoteInfo = CalcBMI;
		};
		103457B02630187C0041B4F3 /* PBXContainerItemProxy */ = {
			isa = PBXContainerItemProxy;
			containerPortal = 10345772262B34320041B4F3 /* Project object */;
			proxyType = 1;
			remoteGlobalIDString = 10345779262B34320041B4F3;
			remoteInfo = CalcBMI;
		};
/* End PBXContainerItemProxy section */

/* Begin PBXFileReference section */
		1034577A262B34320041B4F3 /* CalcBMI.app */ = {isa = PBXFileReference; explicitFileType = wrapper.application; includeInIndex = 0; path = CalcBMI.app; sourceTree = BUILT_PRODUCTS_DIR; };
		1034577D262B34320041B4F3 /* AppDelegate.swift */ = {isa = PBXFileReference; lastKnownFileType = sourcecode.swift; path = AppDelegate.swift; sourceTree = "<group>"; };
		1034577F262B34320041B4F3 /* SceneDelegate.swift */ = {isa = PBXFileReference; lastKnownFileType = sourcecode.swift; path = SceneDelegate.swift; sourceTree = "<group>"; };
		10345781262B34320041B4F3 /* ViewController.swift */ = {isa = PBXFileReference; lastKnownFileType = sourcecode.swift; path = ViewController.swift; sourceTree = "<group>"; };
		10345784262B34320041B4F3 /* Base */ = {isa = PBXFileReference; lastKnownFileType = file.storyboard; name = Base; path = Base.lproj/Main.storyboard; sourceTree = "<group>"; };
		10345786262B34440041B4F3 /* Assets.xcassets */ = {isa = PBXFileReference; lastKnownFileType = folder.assetcatalog; path = Assets.xcassets; sourceTree = "<group>"; };
		10345789262B34440041B4F3 /* Base */ = {isa = PBXFileReference; lastKnownFileType = file.storyboard; name = Base; path = Base.lproj/LaunchScreen.storyboard; sourceTree = "<group>"; };
		1034578B262B34440041B4F3 /* Info.plist */ = {isa = PBXFileReference; lastKnownFileType = text.plist.xml; path = Info.plist; sourceTree = "<group>"; };
		10345792262C77DC0041B4F3 /* TipViewController.swift */ = {isa = PBXFileReference; lastKnownFileType = sourcecode.swift; path = TipViewController.swift; sourceTree = "<group>"; };
		1034579B263018720041B4F3 /* CalcBMIUITests.xctest */ = {isa = PBXFileReference; explicitFileType = wrapper.cfbundle; includeInIndex = 0; path = CalcBMIUITests.xctest; sourceTree = BUILT_PRODUCTS_DIR; };
		1034579D263018720041B4F3 /* CalcBMIUITests.swift */ = {isa = PBXFileReference; lastKnownFileType = sourcecode.swift; path = CalcBMIUITests.swift; sourceTree = "<group>"; };
		1034579F263018720041B4F3 /* Info.plist */ = {isa = PBXFileReference; lastKnownFileType = text.plist.xml; path = Info.plist; sourceTree = "<group>"; };
		103457AB2630187C0041B4F3 /* CalcBMITests.xctest */ = {isa = PBXFileReference; explicitFileType = wrapper.cfbundle; includeInIndex = 0; path = CalcBMITests.xctest; sourceTree = BUILT_PRODUCTS_DIR; };
		103457AD2630187C0041B4F3 /* CalcBMITests.swift */ = {isa = PBXFileReference; lastKnownFileType = sourcecode.swift; path = CalcBMITests.swift; sourceTree = "<group>"; };
		103457AF2630187C0041B4F3 /* Info.plist */ = {isa = PBXFileReference; lastKnownFileType = text.plist.xml; path = Info.plist; sourceTree = "<group>"; };
/* End PBXFileReference section */

/* Begin PBXFrameworksBuildPhase section */
		10345777262B34320041B4F3 /* Frameworks */ = {
			isa = PBXFrameworksBuildPhase;
			buildActionMask = 2147483647;
			files = (
			);
			runOnlyForDeploymentPostprocessing = 0;
		};
		10345798263018720041B4F3 /* Frameworks */ = {
			isa = PBXFrameworksBuildPhase;
			buildActionMask = 2147483647;
			files = (
			);
			runOnlyForDeploymentPostprocessing = 0;
		};
		103457A82630187C0041B4F3 /* Frameworks */ = {
			isa = PBXFrameworksBuildPhase;
			buildActionMask = 2147483647;
			files = (
			);
			runOnlyForDeploymentPostprocessing = 0;
		};
/* End PBXFrameworksBuildPhase section */

/* Begin PBXGroup section */
		10345771262B34320041B4F3 = {
			isa = PBXGroup;
			children = (
				1034577C262B34320041B4F3 /* CalcBMI */,
				1034579C263018720041B4F3 /* CalcBMIUITests */,
				103457AC2630187C0041B4F3 /* CalcBMITests */,
				1034577B262B34320041B4F3 /* Products */,
			);
			sourceTree = "<group>";
		};
		1034577B262B34320041B4F3 /* Products */ = {
			isa = PBXGroup;
			children = (
				1034577A262B34320041B4F3 /* CalcBMI.app */,
				1034579B263018720041B4F3 /* CalcBMIUITests.xctest */,
				103457AB2630187C0041B4F3 /* CalcBMITests.xctest */,
			);
			name = Products;
			sourceTree = "<group>";
		};
		1034577C262B34320041B4F3 /* CalcBMI */ = {
			isa = PBXGroup;
			children = (
				1034577D262B34320041B4F3 /* AppDelegate.swift */,
				1034577F262B34320041B4F3 /* SceneDelegate.swift */,
				10345781262B34320041B4F3 /* ViewController.swift */,
				10345792262C77DC0041B4F3 /* TipViewController.swift */,
				10345783262B34320041B4F3 /* Main.storyboard */,
				10345786262B34440041B4F3 /* Assets.xcassets */,
				10345788262B34440041B4F3 /* LaunchScreen.storyboard */,
				1034578B262B34440041B4F3 /* Info.plist */,
			);
			path = CalcBMI;
			sourceTree = "<group>";
		};
		1034579C263018720041B4F3 /* CalcBMIUITests */ = {
			isa = PBXGroup;
			children = (
				1034579D263018720041B4F3 /* CalcBMIUITests.swift */,
				1034579F263018720041B4F3 /* Info.plist */,
			);
			path = CalcBMIUITests;
			sourceTree = "<group>";
		};
		103457AC2630187C0041B4F3 /* CalcBMITests */ = {
			isa = PBXGroup;
			children = (
				103457AD2630187C0041B4F3 /* CalcBMITests.swift */,
				103457AF2630187C0041B4F3 /* Info.plist */,
			);
			path = CalcBMITests;
			sourceTree = "<group>";
		};
/* End PBXGroup section */

/* Begin PBXNativeTarget section */
		10345779262B34320041B4F3 /* CalcBMI */ = {
			isa = PBXNativeTarget;
			buildConfigurationList = 1034578E262B34440041B4F3 /* Build configuration list for PBXNativeTarget "CalcBMI" */;
			buildPhases = (
				10345776262B34320041B4F3 /* Sources */,
				10345777262B34320041B4F3 /* Frameworks */,
				10345778262B34320041B4F3 /* Resources */,
			);
			buildRules = (
			);
			dependencies = (
			);
			name = CalcBMI;
			productName = CalcBMI;
			productReference = 1034577A262B34320041B4F3 /* CalcBMI.app */;
			productType = "com.apple.product-type.application";
		};
		1034579A263018720041B4F3 /* CalcBMIUITests */ = {
			isa = PBXNativeTarget;
			buildConfigurationList = 103457A2263018730041B4F3 /* Build configuration list for PBXNativeTarget "CalcBMIUITests" */;
			buildPhases = (
				10345797263018720041B4F3 /* Sources */,
				10345798263018720041B4F3 /* Frameworks */,
				10345799263018720041B4F3 /* Resources */,
			);
			buildRules = (
			);
			dependencies = (
				103457A1263018730041B4F3 /* PBXTargetDependency */,
			);
			name = CalcBMIUITests;
			productName = CalcBMIUITests;
			productReference = 1034579B263018720041B4F3 /* CalcBMIUITests.xctest */;
			productType = "com.apple.product-type.bundle.ui-testing";
		};
		103457AA2630187C0041B4F3 /* CalcBMITests */ = {
			isa = PBXNativeTarget;
			buildConfigurationList = 103457B22630187C0041B4F3 /* Build configuration list for PBXNativeTarget "CalcBMITests" */;
			buildPhases = (
				103457A72630187C0041B4F3 /* Sources */,
				103457A82630187C0041B4F3 /* Frameworks */,
				103457A92630187C0041B4F3 /* Resources */,
			);
			buildRules = (
			);
			dependencies = (
				103457B12630187C0041B4F3 /* PBXTargetDependency */,
			);
			name = CalcBMITests;
			productName = CalcBMITests;
			productReference = 103457AB2630187C0041B4F3 /* CalcBMITests.xctest */;
			productType = "com.apple.product-type.bundle.unit-test";
		};
/* End PBXNativeTarget section */

/* Begin PBXProject section */
		10345772262B34320041B4F3 /* Project object */ = {
			isa = PBXProject;
			attributes = {
				LastSwiftUpdateCheck = 1240;
				LastUpgradeCheck = 1240;
				TargetAttributes = {
					10345779262B34320041B4F3 = {
						CreatedOnToolsVersion = 12.4;
					};
					1034579A263018720041B4F3 = {
						CreatedOnToolsVersion = 12.4;
						TestTargetID = 10345779262B34320041B4F3;
					};
					103457AA2630187C0041B4F3 = {
						CreatedOnToolsVersion = 12.4;
						TestTargetID = 10345779262B34320041B4F3;
					};
				};
			};
			buildConfigurationList = 10345775262B34320041B4F3 /* Build configuration list for PBXProject "CalcBMI" */;
			compatibilityVersion = "Xcode 9.3";
			developmentRegion = en;
			hasScannedForEncodings = 0;
			knownRegions = (
				en,
				Base,
			);
			mainGroup = 10345771262B34320041B4F3;
			productRefGroup = 1034577B262B34320041B4F3 /* Products */;
			projectDirPath = "";
			projectRoot = "";
			targets = (
				10345779262B34320041B4F3 /* CalcBMI */,
				1034579A263018720041B4F3 /* CalcBMIUITests */,
				103457AA2630187C0041B4F3 /* CalcBMITests */,
			);
		};
/* End PBXProject section */

/* Begin PBXResourcesBuildPhase section */
		10345778262B34320041B4F3 /* Resources */ = {
			isa = PBXResourcesBuildPhase;
			buildActionMask = 2147483647;
			files = (
				1034578A262B34440041B4F3 /* LaunchScreen.storyboard in Resources */,
				10345787262B34440041B4F3 /* Assets.xcassets in Resources */,
				10345785262B34320041B4F3 /* Main.storyboard in Resources */,
			);
			runOnlyForDeploymentPostprocessing = 0;
		};
		10345799263018720041B4F3 /* Resources */ = {
			isa = PBXResourcesBuildPhase;
			buildActionMask = 2147483647;
			files = (
			);
			runOnlyForDeploymentPostprocessing = 0;
		};
		103457A92630187C0041B4F3 /* Resources */ = {
			isa = PBXResourcesBuildPhase;
			buildActionMask = 2147483647;
			files = (
			);
			runOnlyForDeploymentPostprocessing = 0;
		};
/* End PBXResourcesBuildPhase section */

/* Begin PBXSourcesBuildPhase section */
		10345776262B34320041B4F3 /* Sources */ = {
			isa = PBXSourcesBuildPhase;
			buildActionMask = 2147483647;
			files = (
				10345782262B34320041B4F3 /* ViewController.swift in Sources */,
				1034577E262B34320041B4F3 /* AppDelegate.swift in Sources */,
				10345793262C77DC0041B4F3 /* TipViewController.swift in Sources */,
				10345780262B34320041B4F3 /* SceneDelegate.swift in Sources */,
			);
			runOnlyForDeploymentPostprocessing = 0;
		};
		10345797263018720041B4F3 /* Sources */ = {
			isa = PBXSourcesBuildPhase;
			buildActionMask = 2147483647;
			files = (
				1034579E263018720041B4F3 /* CalcBMIUITests.swift in Sources */,
			);
			runOnlyForDeploymentPostprocessing = 0;
		};
		103457A72630187C0041B4F3 /* Sources */ = {
			isa = PBXSourcesBuildPhase;
			buildActionMask = 2147483647;
			files = (
				103457AE2630187C0041B4F3 /* CalcBMITests.swift in Sources */,
			);
			runOnlyForDeploymentPostprocessing = 0;
		};
/* End PBXSourcesBuildPhase section */

/* Begin PBXTargetDependency section */
		103457A1263018730041B4F3 /* PBXTargetDependency */ = {
			isa = PBXTargetDependency;
			target = 10345779262B34320041B4F3 /* CalcBMI */;
			targetProxy = 103457A0263018730041B4F3 /* PBXContainerItemProxy */;
		};
		103457B12630187C0041B4F3 /* PBXTargetDependency */ = {
			isa = PBXTargetDependency;
			target = 10345779262B34320041B4F3 /* CalcBMI */;
			targetProxy = 103457B02630187C0041B4F3 /* PBXContainerItemProxy */;
		};
/* End PBXTargetDependency section */

/* Begin PBXVariantGroup section */
		10345783262B34320041B4F3 /* Main.storyboard */ = {
			isa = PBXVariantGroup;
			children = (
				10345784262B34320041B4F3 /* Base */,
			);
			name = Main.storyboard;
			sourceTree = "<group>";
		};
		10345788262B34440041B4F3 /* LaunchScreen.storyboard */ = {
			isa = PBXVariantGroup;
			children = (
				10345789262B34440041B4F3 /* Base */,
			);
			name = LaunchScreen.storyboard;
			sourceTree = "<group>";
		};
/* End PBXVariantGroup section */

/* Begin XCBuildConfiguration section */
		1034578C262B34440041B4F3 /* Debug */ = {
			isa = XCBuildConfiguration;
			buildSettings = {
				ALWAYS_SEARCH_USER_PATHS = NO;
				CLANG_ANALYZER_NONNULL = YES;
				CLANG_ANALYZER_NUMBER_OBJECT_CONVERSION = YES_AGGRESSIVE;
				CLANG_CXX_LANGUAGE_STANDARD = "gnu++14";
				CLANG_CXX_LIBRARY = "libc++";
				CLANG_ENABLE_MODULES = YES;
				CLANG_ENABLE_OBJC_ARC = YES;
				CLANG_ENABLE_OBJC_WEAK = YES;
				CLANG_WARN_BLOCK_CAPTURE_AUTORELEASING = YES;
				CLANG_WARN_BOOL_CONVERSION = YES;
				CLANG_WARN_COMMA = YES;
				CLANG_WARN_CONSTANT_CONVERSION = YES;
				CLANG_WARN_DEPRECATED_OBJC_IMPLEMENTATIONS = YES;
				CLANG_WARN_DIRECT_OBJC_ISA_USAGE = YES_ERROR;
				CLANG_WARN_DOCUMENTATION_COMMENTS = YES;
				CLANG_WARN_EMPTY_BODY = YES;
				CLANG_WARN_ENUM_CONVERSION = YES;
				CLANG_WARN_INFINITE_RECURSION = YES;
				CLANG_WARN_INT_CONVERSION = YES;
				CLANG_WARN_NON_LITERAL_NULL_CONVERSION = YES;
				CLANG_WARN_OBJC_IMPLICIT_RETAIN_SELF = YES;
				CLANG_WARN_OBJC_LITERAL_CONVERSION = YES;
				CLANG_WARN_OBJC_ROOT_CLASS = YES_ERROR;
				CLANG_WARN_QUOTED_INCLUDE_IN_FRAMEWORK_HEADER = YES;
				CLANG_WARN_RANGE_LOOP_ANALYSIS = YES;
				CLANG_WARN_STRICT_PROTOTYPES = YES;
				CLANG_WARN_SUSPICIOUS_MOVE = YES;
				CLANG_WARN_UNGUARDED_AVAILABILITY = YES_AGGRESSIVE;
				CLANG_WARN_UNREACHABLE_CODE = YES;
				CLANG_WARN__DUPLICATE_METHOD_MATCH = YES;
				COPY_PHASE_STRIP = NO;
				DEBUG_INFORMATION_FORMAT = dwarf;
				ENABLE_STRICT_OBJC_MSGSEND = YES;
				ENABLE_TESTABILITY = YES;
				GCC_C_LANGUAGE_STANDARD = gnu11;
				GCC_DYNAMIC_NO_PIC = NO;
				GCC_NO_COMMON_BLOCKS = YES;
				GCC_OPTIMIZATION_LEVEL = 0;
				GCC_PREPROCESSOR_DEFINITIONS = (
					"DEBUG=1",
					"$(inherited)",
				);
				GCC_WARN_64_TO_32_BIT_CONVERSION = YES;
				GCC_WARN_ABOUT_RETURN_TYPE = YES_ERROR;
				GCC_WARN_UNDECLARED_SELECTOR = YES;
				GCC_WARN_UNINITIALIZED_AUTOS = YES_AGGRESSIVE;
				GCC_WARN_UNUSED_FUNCTION = YES;
				GCC_WARN_UNUSED_VARIABLE = YES;
				IPHONEOS_DEPLOYMENT_TARGET = 14.4;
				MTL_ENABLE_DEBUG_INFO = INCLUDE_SOURCE;
				MTL_FAST_MATH = YES;
				ONLY_ACTIVE_ARCH = YES;
				SDKROOT = iphoneos;
				SWIFT_ACTIVE_COMPILATION_CONDITIONS = DEBUG;
				SWIFT_OPTIMIZATION_LEVEL = "-Onone";
			};
			name = Debug;
		};
		1034578D262B34440041B4F3 /* Release */ = {
			isa = XCBuildConfiguration;
			buildSettings = {
				ALWAYS_SEARCH_USER_PATHS = NO;
				CLANG_ANALYZER_NONNULL = YES;
				CLANG_ANALYZER_NUMBER_OBJECT_CONVERSION = YES_AGGRESSIVE;
				CLANG_CXX_LANGUAGE_STANDARD = "gnu++14";
				CLANG_CXX_LIBRARY = "libc++";
				CLANG_ENABLE_MODULES = YES;
				CLANG_ENABLE_OBJC_ARC = YES;
				CLANG_ENABLE_OBJC_WEAK = YES;
				CLANG_WARN_BLOCK_CAPTURE_AUTORELEASING = YES;
				CLANG_WARN_BOOL_CONVERSION = YES;
				CLANG_WARN_COMMA = YES;
				CLANG_WARN_CONSTANT_CONVERSION = YES;
				CLANG_WARN_DEPRECATED_OBJC_IMPLEMENTATIONS = YES;
				CLANG_WARN_DIRECT_OBJC_ISA_USAGE = YES_ERROR;
				CLANG_WARN_DOCUMENTATION_COMMENTS = YES;
				CLANG_WARN_EMPTY_BODY = YES;
				CLANG_WARN_ENUM_CONVERSION = YES;
				CLANG_WARN_INFINITE_RECURSION = YES;
				CLANG_WARN_INT_CONVERSION = YES;
				CLANG_WARN_NON_LITERAL_NULL_CONVERSION = YES;
				CLANG_WARN_OBJC_IMPLICIT_RETAIN_SELF = YES;
				CLANG_WARN_OBJC_LITERAL_CONVERSION = YES;
				CLANG_WARN_OBJC_ROOT_CLASS = YES_ERROR;
				CLANG_WARN_QUOTED_INCLUDE_IN_FRAMEWORK_HEADER = YES;
				CLANG_WARN_RANGE_LOOP_ANALYSIS = YES;
				CLANG_WARN_STRICT_PROTOTYPES = YES;
				CLANG_WARN_SUSPICIOUS_MOVE = YES;
				CLANG_WARN_UNGUARDED_AVAILABILITY = YES_AGGRESSIVE;
				CLANG_WARN_UNREACHABLE_CODE = YES;
				CLANG_WARN__DUPLICATE_METHOD_MATCH = YES;
				COPY_PHASE_STRIP = NO;
				DEBUG_INFORMATION_FORMAT = "dwarf-with-dsym";
				ENABLE_NS_ASSERTIONS = NO;
				ENABLE_STRICT_OBJC_MSGSEND = YES;
				GCC_C_LANGUAGE_STANDARD = gnu11;
				GCC_NO_COMMON_BLOCKS = YES;
				GCC_WARN_64_TO_32_BIT_CONVERSION = YES;
				GCC_WARN_ABOUT_RETURN_TYPE = YES_ERROR;
				GCC_WARN_UNDECLARED_SELECTOR = YES;
				GCC_WARN_UNINITIALIZED_AUTOS = YES_AGGRESSIVE;
				GCC_WARN_UNUSED_FUNCTION = YES;
				GCC_WARN_UNUSED_VARIABLE = YES;
				IPHONEOS_DEPLOYMENT_TARGET = 14.4;
				MTL_ENABLE_DEBUG_INFO = NO;
				MTL_FAST_MATH = YES;
				SDKROOT = iphoneos;
				SWIFT_COMPILATION_MODE = wholemodule;
				SWIFT_OPTIMIZATION_LEVEL = "-O";
				VALIDATE_PRODUCT = YES;
			};
			name = Release;
		};
		1034578F262B34440041B4F3 /* Debug */ = {
			isa = XCBuildConfiguration;
			buildSettings = {
				ASSETCATALOG_COMPILER_APPICON_NAME = AppIcon;
				ASSETCATALOG_COMPILER_GLOBAL_ACCENT_COLOR_NAME = AccentColor;
				CODE_SIGN_STYLE = Automatic;
				INFOPLIST_FILE = CalcBMI/Info.plist;
				LD_RUNPATH_SEARCH_PATHS = (
					"$(inherited)",
					"@executable_path/Frameworks",
				);
				PRODUCT_BUNDLE_IDENTIFIER = LN.CalcBMI;
				PRODUCT_NAME = "$(TARGET_NAME)";
				SWIFT_VERSION = 5.0;
				TARGETED_DEVICE_FAMILY = "1,2";
			};
			name = Debug;
		};
		10345790262B34440041B4F3 /* Release */ = {
			isa = XCBuildConfiguration;
			buildSettings = {
				ASSETCATALOG_COMPILER_APPICON_NAME = AppIcon;
				ASSETCATALOG_COMPILER_GLOBAL_ACCENT_COLOR_NAME = AccentColor;
				CODE_SIGN_STYLE = Automatic;
				INFOPLIST_FILE = CalcBMI/Info.plist;
				LD_RUNPATH_SEARCH_PATHS = (
					"$(inherited)",
					"@executable_path/Frameworks",
				);
				PRODUCT_BUNDLE_IDENTIFIER = LN.CalcBMI;
				PRODUCT_NAME = "$(TARGET_NAME)";
				SWIFT_VERSION = 5.0;
				TARGETED_DEVICE_FAMILY = "1,2";
			};
			name = Release;
		};
		103457A3263018730041B4F3 /* Debug */ = {
			isa = XCBuildConfiguration;
			buildSettings = {
				CODE_SIGN_STYLE = Automatic;
				INFOPLIST_FILE = CalcBMIUITests/Info.plist;
				LD_RUNPATH_SEARCH_PATHS = (
					"$(inherited)",
					"@executable_path/Frameworks",
					"@loader_path/Frameworks",
				);
				PRODUCT_BUNDLE_IDENTIFIER = LN.CalcBMIUITests;
				PRODUCT_NAME = "$(TARGET_NAME)";
				SWIFT_VERSION = 5.0;
				TARGETED_DEVICE_FAMILY = "1,2";
				TEST_TARGET_NAME = CalcBMI;
			};
			name = Debug;
		};
		103457A4263018730041B4F3 /* Release */ = {
			isa = XCBuildConfiguration;
			buildSettings = {
				CODE_SIGN_STYLE = Automatic;
				INFOPLIST_FILE = CalcBMIUITests/Info.plist;
				LD_RUNPATH_SEARCH_PATHS = (
					"$(inherited)",
					"@executable_path/Frameworks",
					"@loader_path/Frameworks",
				);
				PRODUCT_BUNDLE_IDENTIFIER = LN.CalcBMIUITests;
				PRODUCT_NAME = "$(TARGET_NAME)";
				SWIFT_VERSION = 5.0;
				TARGETED_DEVICE_FAMILY = "1,2";
				TEST_TARGET_NAME = CalcBMI;
			};
			name = Release;
		};
		103457B32630187C0041B4F3 /* Debug */ = {
			isa = XCBuildConfiguration;
			buildSettings = {
				BUNDLE_LOADER = "$(TEST_HOST)";
				CODE_SIGN_STYLE = Automatic;
				INFOPLIST_FILE = CalcBMITests/Info.plist;
				LD_RUNPATH_SEARCH_PATHS = (
					"$(inherited)",
					"@executable_path/Frameworks",
					"@loader_path/Frameworks",
				);
				PRODUCT_BUNDLE_IDENTIFIER = LN.CalcBMITests;
				PRODUCT_NAME = "$(TARGET_NAME)";
				SWIFT_VERSION = 5.0;
				TARGETED_DEVICE_FAMILY = "1,2";
				TEST_HOST = "$(BUILT_PRODUCTS_DIR)/CalcBMI.app/CalcBMI";
			};
			name = Debug;
		};
		103457B42630187C0041B4F3 /* Release */ = {
			isa = XCBuildConfiguration;
			buildSettings = {
				BUNDLE_LOADER = "$(TEST_HOST)";
				CODE_SIGN_STYLE = Automatic;
				INFOPLIST_FILE = CalcBMITests/Info.plist;
				LD_RUNPATH_SEARCH_PATHS = (
					"$(inherited)",
					"@executable_path/Frameworks",
					"@loader_path/Frameworks",
				);
				PRODUCT_BUNDLE_IDENTIFIER = LN.CalcBMITests;
				PRODUCT_NAME = "$(TARGET_NAME)";
				SWIFT_VERSION = 5.0;
				TARGETED_DEVICE_FAMILY = "1,2";
				TEST_HOST = "$(BUILT_PRODUCTS_DIR)/CalcBMI.app/CalcBMI";
			};
			name = Release;
		};
/* End XCBuildConfiguration section */

/* Begin XCConfigurationList section */
		10345775262B34320041B4F3 /* Build configuration list for PBXProject "CalcBMI" */ = {
			isa = XCConfigurationList;
			buildConfigurations = (
				1034578C262B34440041B4F3 /* Debug */,
				1034578D262B34440041B4F3 /* Release */,
			);
			defaultConfigurationIsVisible = 0;
			defaultConfigurationName = Release;
		};
		1034578E262B34440041B4F3 /* Build configuration list for PBXNativeTarget "CalcBMI" */ = {
			isa = XCConfigurationList;
			buildConfigurations = (
				1034578F262B34440041B4F3 /* Debug */,
				10345790262B34440041B4F3 /* Release */,
			);
			defaultConfigurationIsVisible = 0;
			defaultConfigurationName = Release;
		};
		103457A2263018730041B4F3 /* Build configuration list for PBXNativeTarget "CalcBMIUITests" */ = {
			isa = XCConfigurationList;
			buildConfigurations = (
				103457A3263018730041B4F3 /* Debug */,
				103457A4263018730041B4F3 /* Release */,
			);
			defaultConfigurationIsVisible = 0;
			defaultConfigurationName = Release;
		};
		103457B22630187C0041B4F3 /* Build configuration list for PBXNativeTarget "CalcBMITests" */ = {
			isa = XCConfigurationList;
			buildConfigurations = (
				103457B32630187C0041B4F3 /* Debug */,
				103457B42630187C0041B4F3 /* Release */,
			);
			defaultConfigurationIsVisible = 0;
			defaultConfigurationName = Release;
		};
/* End XCConfigurationList section */
	};
	rootObject = 10345772262B34320041B4F3 /* Project object */;
}
